// !$*UTF8*$!
{
	archiveVersion = 1;
	classes = {
	};
	objectVersion = 56;
	objects = {

/* Begin PBXBuildFile section */
		13CB48B2DD5112B233D73921 /* Pods_HelathTittleListTask.framework in Frameworks */ = {isa = PBXBuildFile; fileRef = D22BCEA848F71C12C0C2278F /* Pods_HelathTittleListTask.framework */; };
		C7F74ED92B07AD74008267A9 /* AppDelegate.swift in Sources */ = {isa = PBXBuildFile; fileRef = C7F74ED82B07AD74008267A9 /* AppDelegate.swift */; };
		C7F74EDB2B07AD74008267A9 /* SceneDelegate.swift in Sources */ = {isa = PBXBuildFile; fileRef = C7F74EDA2B07AD74008267A9 /* SceneDelegate.swift */; };
		C7F74EDD2B07AD74008267A9 /* ViewController.swift in Sources */ = {isa = PBXBuildFile; fileRef = C7F74EDC2B07AD74008267A9 /* ViewController.swift */; };
		C7F74EE32B07AD74008267A9 /* HelathTittleListTask.xcdatamodeld in Sources */ = {isa = PBXBuildFile; fileRef = C7F74EE12B07AD74008267A9 /* HelathTittleListTask.xcdatamodeld */; };
		C7F74EE52B07AD76008267A9 /* Assets.xcassets in Resources */ = {isa = PBXBuildFile; fileRef = C7F74EE42B07AD76008267A9 /* Assets.xcassets */; };
		C7F74EE82B07AD76008267A9 /* LaunchScreen.storyboard in Resources */ = {isa = PBXBuildFile; fileRef = C7F74EE62B07AD76008267A9 /* LaunchScreen.storyboard */; };
		C7F74EF02B07B041008267A9 /* SelectedHealthTittleDesVC.swift in Sources */ = {isa = PBXBuildFile; fileRef = C7F74EEF2B07B041008267A9 /* SelectedHealthTittleDesVC.swift */; };
		C7F74EF32B07B4AD008267A9 /* ApiConstant.swift in Sources */ = {isa = PBXBuildFile; fileRef = C7F74EF22B07B4AD008267A9 /* ApiConstant.swift */; };
		C7F74EF62B07B574008267A9 /* Network.swift in Sources */ = {isa = PBXBuildFile; fileRef = C7F74EF52B07B574008267A9 /* Network.swift */; };
		C7F74EF92B07B5E9008267A9 /* HealtTittleList.swift in Sources */ = {isa = PBXBuildFile; fileRef = C7F74EF82B07B5E9008267A9 /* HealtTittleList.swift */; };
		C7F74EFC2B07B665008267A9 /* HealthVM.swift in Sources */ = {isa = PBXBuildFile; fileRef = C7F74EFB2B07B665008267A9 /* HealthVM.swift */; };
		C7F74EFE2B07C726008267A9 /* InternetConnetivityManager.swift in Sources */ = {isa = PBXBuildFile; fileRef = C7F74EFD2B07C726008267A9 /* InternetConnetivityManager.swift */; };
		C7F74F012B07CB0D008267A9 /* HealthtittleListCell.swift in Sources */ = {isa = PBXBuildFile; fileRef = C7F74F002B07CB0D008267A9 /* HealthtittleListCell.swift */; };
		C7F74F032B07E1BB008267A9 /* HealthDesVM.swift in Sources */ = {isa = PBXBuildFile; fileRef = C7F74F022B07E1BB008267A9 /* HealthDesVM.swift */; };
		C7F74F052B07E2A2008267A9 /* HealthtittleDesVC.swift in Sources */ = {isa = PBXBuildFile; fileRef = C7F74F042B07E2A2008267A9 /* HealthtittleDesVC.swift */; };
		C7F74F072B07E48F008267A9 /* HealthTittleDesModel.swift in Sources */ = {isa = PBXBuildFile; fileRef = C7F74F062B07E48F008267A9 /* HealthTittleDesModel.swift */; };
		C7F74F0A2B080E54008267A9 /* StringExtenison.swift in Sources */ = {isa = PBXBuildFile; fileRef = C7F74F092B080E54008267A9 /* StringExtenison.swift */; };
		C7F74F0E2B081524008267A9 /* Uiview.swift in Sources */ = {isa = PBXBuildFile; fileRef = C7F74F0D2B081524008267A9 /* Uiview.swift */; };
/* End PBXBuildFile section */

/* Begin PBXFileReference section */
		18002DCCFD8215035FD7B5BB /* Pods-HelathTittleListTask.debug.xcconfig */ = {isa = PBXFileReference; includeInIndex = 1; lastKnownFileType = text.xcconfig; name = "Pods-HelathTittleListTask.debug.xcconfig"; path = "Target Support Files/Pods-HelathTittleListTask/Pods-HelathTittleListTask.debug.xcconfig"; sourceTree = "<group>"; };
		C7F74ED52B07AD74008267A9 /* HelathTittleListTask.app */ = {isa = PBXFileReference; explicitFileType = wrapper.application; includeInIndex = 0; path = HelathTittleListTask.app; sourceTree = BUILT_PRODUCTS_DIR; };
		C7F74ED82B07AD74008267A9 /* AppDelegate.swift */ = {isa = PBXFileReference; lastKnownFileType = sourcecode.swift; path = AppDelegate.swift; sourceTree = "<group>"; };
		C7F74EDA2B07AD74008267A9 /* SceneDelegate.swift */ = {isa = PBXFileReference; lastKnownFileType = sourcecode.swift; path = SceneDelegate.swift; sourceTree = "<group>"; };
		C7F74EDC2B07AD74008267A9 /* ViewController.swift */ = {isa = PBXFileReference; lastKnownFileType = sourcecode.swift; path = ViewController.swift; sourceTree = "<group>"; };
		C7F74EE22B07AD74008267A9 /* HelathTittleListTask.xcdatamodel */ = {isa = PBXFileReference; lastKnownFileType = wrapper.xcdatamodel; path = HelathTittleListTask.xcdatamodel; sourceTree = "<group>"; };
		C7F74EE42B07AD76008267A9 /* Assets.xcassets */ = {isa = PBXFileReference; lastKnownFileType = folder.assetcatalog; path = Assets.xcassets; sourceTree = "<group>"; };
		C7F74EE72B07AD76008267A9 /* Base */ = {isa = PBXFileReference; lastKnownFileType = file.storyboard; name = Base; path = Base.lproj/LaunchScreen.storyboard; sourceTree = "<group>"; };
		C7F74EE92B07AD76008267A9 /* Info.plist */ = {isa = PBXFileReference; lastKnownFileType = text.plist.xml; path = Info.plist; sourceTree = "<group>"; };
		C7F74EEF2B07B041008267A9 /* SelectedHealthTittleDesVC.swift */ = {isa = PBXFileReference; lastKnownFileType = sourcecode.swift; path = SelectedHealthTittleDesVC.swift; sourceTree = "<group>"; };
		C7F74EF22B07B4AD008267A9 /* ApiConstant.swift */ = {isa = PBXFileReference; lastKnownFileType = sourcecode.swift; path = ApiConstant.swift; sourceTree = "<group>"; };
		C7F74EF52B07B574008267A9 /* Network.swift */ = {isa = PBXFileReference; lastKnownFileType = sourcecode.swift; path = Network.swift; sourceTree = "<group>"; };
		C7F74EF82B07B5E9008267A9 /* HealtTittleList.swift */ = {isa = PBXFileReference; lastKnownFileType = sourcecode.swift; path = HealtTittleList.swift; sourceTree = "<group>"; };
		C7F74EFB2B07B665008267A9 /* HealthVM.swift */ = {isa = PBXFileReference; lastKnownFileType = sourcecode.swift; path = HealthVM.swift; sourceTree = "<group>"; };
		C7F74EFD2B07C726008267A9 /* InternetConnetivityManager.swift */ = {isa = PBXFileReference; lastKnownFileType = sourcecode.swift; path = InternetConnetivityManager.swift; sourceTree = "<group>"; };
		C7F74F002B07CB0D008267A9 /* HealthtittleListCell.swift */ = {isa = PBXFileReference; lastKnownFileType = sourcecode.swift; path = HealthtittleListCell.swift; sourceTree = "<group>"; };
		C7F74F022B07E1BB008267A9 /* HealthDesVM.swift */ = {isa = PBXFileReference; lastKnownFileType = sourcecode.swift; path = HealthDesVM.swift; sourceTree = "<group>"; };
		C7F74F042B07E2A2008267A9 /* HealthtittleDesVC.swift */ = {isa = PBXFileReference; lastKnownFileType = sourcecode.swift; path = HealthtittleDesVC.swift; sourceTree = "<group>"; };
		C7F74F062B07E48F008267A9 /* HealthTittleDesModel.swift */ = {isa = PBXFileReference; lastKnownFileType = sourcecode.swift; path = HealthTittleDesModel.swift; sourceTree = "<group>"; };
		C7F74F092B080E54008267A9 /* StringExtenison.swift */ = {isa = PBXFileReference; lastKnownFileType = sourcecode.swift; path = StringExtenison.swift; sourceTree = "<group>"; };
		C7F74F0D2B081524008267A9 /* Uiview.swift */ = {isa = PBXFileReference; lastKnownFileType = sourcecode.swift; path = Uiview.swift; sourceTree = "<group>"; };
		D22BCEA848F71C12C0C2278F /* Pods_HelathTittleListTask.framework */ = {isa = PBXFileReference; explicitFileType = wrapper.framework; includeInIndex = 0; path = Pods_HelathTittleListTask.framework; sourceTree = BUILT_PRODUCTS_DIR; };
		D8C160E06DD15EFDC1465907 /* Pods-HelathTittleListTask.release.xcconfig */ = {isa = PBXFileReference; includeInIndex = 1; lastKnownFileType = text.xcconfig; name = "Pods-HelathTittleListTask.release.xcconfig"; path = "Target Support Files/Pods-HelathTittleListTask/Pods-HelathTittleListTask.release.xcconfig"; sourceTree = "<group>"; };
/* End PBXFileReference section */

/* Begin PBXFrameworksBuildPhase section */
		C7F74ED22B07AD74008267A9 /* Frameworks */ = {
			isa = PBXFrameworksBuildPhase;
			buildActionMask = 2147483647;
			files = (
				13CB48B2DD5112B233D73921 /* Pods_HelathTittleListTask.framework in Frameworks */,
			);
			runOnlyForDeploymentPostprocessing = 0;
		};
/* End PBXFrameworksBuildPhase section */

/* Begin PBXGroup section */
		C7F74ECC2B07AD74008267A9 = {
			isa = PBXGroup;
			children = (
				C7F74ED72B07AD74008267A9 /* HelathTittleListTask */,
				C7F74ED62B07AD74008267A9 /* Products */,
				E514D3D6D6AFE7FC596C9CA3 /* Pods */,
				FCBD7E5FA30AFF56E21D4AC6 /* Frameworks */,
			);
			sourceTree = "<group>";
		};
		C7F74ED62B07AD74008267A9 /* Products */ = {
			isa = PBXGroup;
			children = (
				C7F74ED52B07AD74008267A9 /* HelathTittleListTask.app */,
			);
			name = Products;
			sourceTree = "<group>";
		};
		C7F74ED72B07AD74008267A9 /* HelathTittleListTask */ = {
			isa = PBXGroup;
			children = (
				C7F74EF72B07B5D4008267A9 /* Model */,
				C7F74EFA2B07B652008267A9 /* ViewModel */,
				C7F74EFF2B07CADE008267A9 /* Controller */,
				C7F74EF42B07B54D008267A9 /* NetworkingClass */,
				C7F74EF12B07B496008267A9 /* Constant */,
				C7F74F082B080E38008267A9 /* Extension */,
				C7F74ED82B07AD74008267A9 /* AppDelegate.swift */,
				C7F74EDA2B07AD74008267A9 /* SceneDelegate.swift */,
				C7F74EE42B07AD76008267A9 /* Assets.xcassets */,
				C7F74EE62B07AD76008267A9 /* LaunchScreen.storyboard */,
				C7F74EE92B07AD76008267A9 /* Info.plist */,
				C7F74EE12B07AD74008267A9 /* HelathTittleListTask.xcdatamodeld */,
				C7F74EEF2B07B041008267A9 /* SelectedHealthTittleDesVC.swift */,
			);
			path = HelathTittleListTask;
			sourceTree = "<group>";
		};
		C7F74EF12B07B496008267A9 /* Constant */ = {
			isa = PBXGroup;
			children = (
				C7F74EF22B07B4AD008267A9 /* ApiConstant.swift */,
				C7F74EFD2B07C726008267A9 /* InternetConnetivityManager.swift */,
			);
			path = Constant;
			sourceTree = "<group>";
		};
		C7F74EF42B07B54D008267A9 /* NetworkingClass */ = {
			isa = PBXGroup;
			children = (
				C7F74EF52B07B574008267A9 /* Network.swift */,
			);
			path = NetworkingClass;
			sourceTree = "<group>";
		};
		C7F74EF72B07B5D4008267A9 /* Model */ = {
			isa = PBXGroup;
			children = (
				C7F74EF82B07B5E9008267A9 /* HealtTittleList.swift */,
				C7F74F062B07E48F008267A9 /* HealthTittleDesModel.swift */,
			);
			path = Model;
			sourceTree = "<group>";
		};
		C7F74EFA2B07B652008267A9 /* ViewModel */ = {
			isa = PBXGroup;
			children = (
				C7F74EFB2B07B665008267A9 /* HealthVM.swift */,
				C7F74F022B07E1BB008267A9 /* HealthDesVM.swift */,
			);
			path = ViewModel;
			sourceTree = "<group>";
		};
		C7F74EFF2B07CADE008267A9 /* Controller */ = {
			isa = PBXGroup;
			children = (
				C7F74F002B07CB0D008267A9 /* HealthtittleListCell.swift */,
				C7F74EDC2B07AD74008267A9 /* ViewController.swift */,
				C7F74F042B07E2A2008267A9 /* HealthtittleDesVC.swift */,
			);
			path = Controller;
			sourceTree = "<group>";
		};
		C7F74F082B080E38008267A9 /* Extension */ = {
			isa = PBXGroup;
			children = (
				C7F74F092B080E54008267A9 /* StringExtenison.swift */,
				C7F74F0D2B081524008267A9 /* Uiview.swift */,
			);
			path = Extension;
			sourceTree = "<group>";
		};
		E514D3D6D6AFE7FC596C9CA3 /* Pods */ = {
			isa = PBXGroup;
			children = (
				18002DCCFD8215035FD7B5BB /* Pods-HelathTittleListTask.debug.xcconfig */,
				D8C160E06DD15EFDC1465907 /* Pods-HelathTittleListTask.release.xcconfig */,
			);
			path = Pods;
			sourceTree = "<group>";
		};
		FCBD7E5FA30AFF56E21D4AC6 /* Frameworks */ = {
			isa = PBXGroup;
			children = (
				D22BCEA848F71C12C0C2278F /* Pods_HelathTittleListTask.framework */,
			);
			name = Frameworks;
			sourceTree = "<group>";
		};
/* End PBXGroup section */

/* Begin PBXNativeTarget section */
		C7F74ED42B07AD74008267A9 /* HelathTittleListTask */ = {
			isa = PBXNativeTarget;
			buildConfigurationList = C7F74EEC2B07AD76008267A9 /* Build configuration list for PBXNativeTarget "HelathTittleListTask" */;
			buildPhases = (
				FE4A986CDE3775A9D255DA18 /* [CP] Check Pods Manifest.lock */,
				C7F74ED12B07AD74008267A9 /* Sources */,
				C7F74ED22B07AD74008267A9 /* Frameworks */,
				C7F74ED32B07AD74008267A9 /* Resources */,
				A7B08AEBECCE5E12302277BA /* [CP] Embed Pods Frameworks */,
			);
			buildRules = (
			);
			dependencies = (
			);
			name = HelathTittleListTask;
			productName = HelathTittleListTask;
			productReference = C7F74ED52B07AD74008267A9 /* HelathTittleListTask.app */;
			productType = "com.apple.product-type.application";
		};
/* End PBXNativeTarget section */

/* Begin PBXProject section */
		C7F74ECD2B07AD74008267A9 /* Project object */ = {
			isa = PBXProject;
			attributes = {
				BuildIndependentTargetsInParallel = 1;
				LastSwiftUpdateCheck = 1430;
				LastUpgradeCheck = 1430;
				TargetAttributes = {
					C7F74ED42B07AD74008267A9 = {
						CreatedOnToolsVersion = 14.3;
					};
				};
			};
			buildConfigurationList = C7F74ED02B07AD74008267A9 /* Build configuration list for PBXProject "HelathTittleListTask" */;
			compatibilityVersion = "Xcode 14.0";
			developmentRegion = en;
			hasScannedForEncodings = 0;
			knownRegions = (
				en,
				Base,
			);
			mainGroup = C7F74ECC2B07AD74008267A9;
			productRefGroup = C7F74ED62B07AD74008267A9 /* Products */;
			projectDirPath = "";
			projectRoot = "";
			targets = (
				C7F74ED42B07AD74008267A9 /* HelathTittleListTask */,
			);
		};
/* End PBXProject section */

/* Begin PBXResourcesBuildPhase section */
		C7F74ED32B07AD74008267A9 /* Resources */ = {
			isa = PBXResourcesBuildPhase;
			buildActionMask = 2147483647;
			files = (
				C7F74EE82B07AD76008267A9 /* LaunchScreen.storyboard in Resources */,
				C7F74EE52B07AD76008267A9 /* Assets.xcassets in Resources */,
			);
			runOnlyForDeploymentPostprocessing = 0;
		};
/* End PBXResourcesBuildPhase section */

/* Begin PBXShellScriptBuildPhase section */
		A7B08AEBECCE5E12302277BA /* [CP] Embed Pods Frameworks */ = {
			isa = PBXShellScriptBuildPhase;
			buildActionMask = 2147483647;
			files = (
			);
			inputFileListPaths = (
				"${PODS_ROOT}/Target Support Files/Pods-HelathTittleListTask/Pods-HelathTittleListTask-frameworks-${CONFIGURATION}-input-files.xcfilelist",
			);
			name = "[CP] Embed Pods Frameworks";
			outputFileListPaths = (
				"${PODS_ROOT}/Target Support Files/Pods-HelathTittleListTask/Pods-HelathTittleListTask-frameworks-${CONFIGURATION}-output-files.xcfilelist",
			);
			runOnlyForDeploymentPostprocessing = 0;
			shellPath = /bin/sh;
			shellScript = "\"${PODS_ROOT}/Target Support Files/Pods-HelathTittleListTask/Pods-HelathTittleListTask-frameworks.sh\"\n";
			showEnvVarsInLog = 0;
		};
		FE4A986CDE3775A9D255DA18 /* [CP] Check Pods Manifest.lock */ = {
			isa = PBXShellScriptBuildPhase;
			buildActionMask = 2147483647;
			files = (
			);
			inputFileListPaths = (
			);
			inputPaths = (
				"${PODS_PODFILE_DIR_PATH}/Podfile.lock",
				"${PODS_ROOT}/Manifest.lock",
			);
			name = "[CP] Check Pods Manifest.lock";
			outputFileListPaths = (
			);
			outputPaths = (
				"$(DERIVED_FILE_DIR)/Pods-HelathTittleListTask-checkManifestLockResult.txt",
			);
			runOnlyForDeploymentPostprocessing = 0;
			shellPath = /bin/sh;
			shellScript = "diff \"${PODS_PODFILE_DIR_PATH}/Podfile.lock\" \"${PODS_ROOT}/Manifest.lock\" > /dev/null\nif [ $? != 0 ] ; then\n    # print error to STDERR\n    echo \"error: The sandbox is not in sync with the Podfile.lock. Run 'pod install' or update your CocoaPods installation.\" >&2\n    exit 1\nfi\n# This output is used by Xcode 'outputs' to avoid re-running this script phase.\necho \"SUCCESS\" > \"${SCRIPT_OUTPUT_FILE_0}\"\n";
			showEnvVarsInLog = 0;
		};
/* End PBXShellScriptBuildPhase section */

/* Begin PBXSourcesBuildPhase section */
		C7F74ED12B07AD74008267A9 /* Sources */ = {
			isa = PBXSourcesBuildPhase;
			buildActionMask = 2147483647;
			files = (
				C7F74F0E2B081524008267A9 /* Uiview.swift in Sources */,
				C7F74F052B07E2A2008267A9 /* HealthtittleDesVC.swift in Sources */,
				C7F74EF92B07B5E9008267A9 /* HealtTittleList.swift in Sources */,
				C7F74F072B07E48F008267A9 /* HealthTittleDesModel.swift in Sources */,
				C7F74F032B07E1BB008267A9 /* HealthDesVM.swift in Sources */,
				C7F74F012B07CB0D008267A9 /* HealthtittleListCell.swift in Sources */,
				C7F74EF32B07B4AD008267A9 /* ApiConstant.swift in Sources */,
				C7F74EE32B07AD74008267A9 /* HelathTittleListTask.xcdatamodeld in Sources */,
				C7F74EDD2B07AD74008267A9 /* ViewController.swift in Sources */,
				C7F74F0A2B080E54008267A9 /* StringExtenison.swift in Sources */,
				C7F74EFC2B07B665008267A9 /* HealthVM.swift in Sources */,
				C7F74ED92B07AD74008267A9 /* AppDelegate.swift in Sources */,
				C7F74EF02B07B041008267A9 /* SelectedHealthTittleDesVC.swift in Sources */,
				C7F74EF62B07B574008267A9 /* Network.swift in Sources */,
				C7F74EFE2B07C726008267A9 /* InternetConnetivityManager.swift in Sources */,
				C7F74EDB2B07AD74008267A9 /* SceneDelegate.swift in Sources */,
			);
			runOnlyForDeploymentPostprocessing = 0;
		};
/* End PBXSourcesBuildPhase section */

/* Begin PBXVariantGroup section */
		C7F74EE62B07AD76008267A9 /* LaunchScreen.storyboard */ = {
			isa = PBXVariantGroup;
			children = (
				C7F74EE72B07AD76008267A9 /* Base */,
			);
			name = LaunchScreen.storyboard;
			sourceTree = "<group>";
		};
/* End PBXVariantGroup section */

/* Begin XCBuildConfiguration section */
		C7F74EEA2B07AD76008267A9 /* Debug */ = {
			isa = XCBuildConfiguration;
			buildSettings = {
				ALWAYS_SEARCH_USER_PATHS = NO;
				CLANG_ANALYZER_NONNULL = YES;
				CLANG_ANALYZER_NUMBER_OBJECT_CONVERSION = YES_AGGRESSIVE;
				CLANG_CXX_LANGUAGE_STANDARD = "gnu++20";
				CLANG_ENABLE_MODULES = YES;
				CLANG_ENABLE_OBJC_ARC = YES;
				CLANG_ENABLE_OBJC_WEAK = YES;
				CLANG_WARN_BLOCK_CAPTURE_AUTORELEASING = YES;
				CLANG_WARN_BOOL_CONVERSION = YES;
				CLANG_WARN_COMMA = YES;
				CLANG_WARN_CONSTANT_CONVERSION = YES;
				CLANG_WARN_DEPRECATED_OBJC_IMPLEMENTATIONS = YES;
				CLANG_WARN_DIRECT_OBJC_ISA_USAGE = YES_ERROR;
				CLANG_WARN_DOCUMENTATION_COMMENTS = YES;
				CLANG_WARN_EMPTY_BODY = YES;
				CLANG_WARN_ENUM_CONVERSION = YES;
				CLANG_WARN_INFINITE_RECURSION = YES;
				CLANG_WARN_INT_CONVERSION = YES;
				CLANG_WARN_NON_LITERAL_NULL_CONVERSION = YES;
				CLANG_WARN_OBJC_IMPLICIT_RETAIN_SELF = YES;
				CLANG_WARN_OBJC_LITERAL_CONVERSION = YES;
				CLANG_WARN_OBJC_ROOT_CLASS = YES_ERROR;
				CLANG_WARN_QUOTED_INCLUDE_IN_FRAMEWORK_HEADER = YES;
				CLANG_WARN_RANGE_LOOP_ANALYSIS = YES;
				CLANG_WARN_STRICT_PROTOTYPES = YES;
				CLANG_WARN_SUSPICIOUS_MOVE = YES;
				CLANG_WARN_UNGUARDED_AVAILABILITY = YES_AGGRESSIVE;
				CLANG_WARN_UNREACHABLE_CODE = YES;
				CLANG_WARN__DUPLICATE_METHOD_MATCH = YES;
				COPY_PHASE_STRIP = NO;
				DEBUG_INFORMATION_FORMAT = dwarf;
				ENABLE_STRICT_OBJC_MSGSEND = YES;
				ENABLE_TESTABILITY = YES;
				GCC_C_LANGUAGE_STANDARD = gnu11;
				GCC_DYNAMIC_NO_PIC = NO;
				GCC_NO_COMMON_BLOCKS = YES;
				GCC_OPTIMIZATION_LEVEL = 0;
				GCC_PREPROCESSOR_DEFINITIONS = (
					"DEBUG=1",
					"$(inherited)",
				);
				GCC_WARN_64_TO_32_BIT_CONVERSION = YES;
				GCC_WARN_ABOUT_RETURN_TYPE = YES_ERROR;
				GCC_WARN_UNDECLARED_SELECTOR = YES;
				GCC_WARN_UNINITIALIZED_AUTOS = YES_AGGRESSIVE;
				GCC_WARN_UNUSED_FUNCTION = YES;
				GCC_WARN_UNUSED_VARIABLE = YES;
				IPHONEOS_DEPLOYMENT_TARGET = 16.4;
				MTL_ENABLE_DEBUG_INFO = INCLUDE_SOURCE;
				MTL_FAST_MATH = YES;
				ONLY_ACTIVE_ARCH = YES;
				SDKROOT = iphoneos;
				SWIFT_ACTIVE_COMPILATION_CONDITIONS = DEBUG;
				SWIFT_OPTIMIZATION_LEVEL = "-Onone";
			};
			name = Debug;
		};
		C7F74EEB2B07AD76008267A9 /* Release */ = {
			isa = XCBuildConfiguration;
			buildSettings = {
				ALWAYS_SEARCH_USER_PATHS = NO;
				CLANG_ANALYZER_NONNULL = YES;
				CLANG_ANALYZER_NUMBER_OBJECT_CONVERSION = YES_AGGRESSIVE;
				CLANG_CXX_LANGUAGE_STANDARD = "gnu++20";
				CLANG_ENABLE_MODULES = YES;
				CLANG_ENABLE_OBJC_ARC = YES;
				CLANG_ENABLE_OBJC_WEAK = YES;
				CLANG_WARN_BLOCK_CAPTURE_AUTORELEASING = YES;
				CLANG_WARN_BOOL_CONVERSION = YES;
				CLANG_WARN_COMMA = YES;
				CLANG_WARN_CONSTANT_CONVERSION = YES;
				CLANG_WARN_DEPRECATED_OBJC_IMPLEMENTATIONS = YES;
				CLANG_WARN_DIRECT_OBJC_ISA_USAGE = YES_ERROR;
				CLANG_WARN_DOCUMENTATION_COMMENTS = YES;
				CLANG_WARN_EMPTY_BODY = YES;
				CLANG_WARN_ENUM_CONVERSION = YES;
				CLANG_WARN_INFINITE_RECURSION = YES;
				CLANG_WARN_INT_CONVERSION = YES;
				CLANG_WARN_NON_LITERAL_NULL_CONVERSION = YES;
				CLANG_WARN_OBJC_IMPLICIT_RETAIN_SELF = YES;
				CLANG_WARN_OBJC_LITERAL_CONVERSION = YES;
				CLANG_WARN_OBJC_ROOT_CLASS = YES_ERROR;
				CLANG_WARN_QUOTED_INCLUDE_IN_FRAMEWORK_HEADER = YES;
				CLANG_WARN_RANGE_LOOP_ANALYSIS = YES;
				CLANG_WARN_STRICT_PROTOTYPES = YES;
				CLANG_WARN_SUSPICIOUS_MOVE = YES;
				CLANG_WARN_UNGUARDED_AVAILABILITY = YES_AGGRESSIVE;
				CLANG_WARN_UNREACHABLE_CODE = YES;
				CLANG_WARN__DUPLICATE_METHOD_MATCH = YES;
				COPY_PHASE_STRIP = NO;
				DEBUG_INFORMATION_FORMAT = "dwarf-with-dsym";
				ENABLE_NS_ASSERTIONS = NO;
				ENABLE_STRICT_OBJC_MSGSEND = YES;
				GCC_C_LANGUAGE_STANDARD = gnu11;
				GCC_NO_COMMON_BLOCKS = YES;
				GCC_WARN_64_TO_32_BIT_CONVERSION = YES;
				GCC_WARN_ABOUT_RETURN_TYPE = YES_ERROR;
				GCC_WARN_UNDECLARED_SELECTOR = YES;
				GCC_WARN_UNINITIALIZED_AUTOS = YES_AGGRESSIVE;
				GCC_WARN_UNUSED_FUNCTION = YES;
				GCC_WARN_UNUSED_VARIABLE = YES;
				IPHONEOS_DEPLOYMENT_TARGET = 16.4;
				MTL_ENABLE_DEBUG_INFO = NO;
				MTL_FAST_MATH = YES;
				SDKROOT = iphoneos;
				SWIFT_COMPILATION_MODE = wholemodule;
				SWIFT_OPTIMIZATION_LEVEL = "-O";
				VALIDATE_PRODUCT = YES;
			};
			name = Release;
		};
		C7F74EED2B07AD76008267A9 /* Debug */ = {
			isa = XCBuildConfiguration;
			baseConfigurationReference = 18002DCCFD8215035FD7B5BB /* Pods-HelathTittleListTask.debug.xcconfig */;
			buildSettings = {
				ASSETCATALOG_COMPILER_APPICON_NAME = AppIcon;
				ASSETCATALOG_COMPILER_GLOBAL_ACCENT_COLOR_NAME = AccentColor;
				CODE_SIGN_STYLE = Automatic;
				CURRENT_PROJECT_VERSION = 1;
				GENERATE_INFOPLIST_FILE = YES;
				INFOPLIST_FILE = HelathTittleListTask/Info.plist;
				INFOPLIST_KEY_UIApplicationSupportsIndirectInputEvents = YES;
				INFOPLIST_KEY_UILaunchStoryboardName = LaunchScreen;
				INFOPLIST_KEY_UIMainStoryboardFile = "";
				INFOPLIST_KEY_UISupportedInterfaceOrientations_iPad = "UIInterfaceOrientationPortrait UIInterfaceOrientationPortraitUpsideDown UIInterfaceOrientationLandscapeLeft UIInterfaceOrientationLandscapeRight";
				INFOPLIST_KEY_UISupportedInterfaceOrientations_iPhone = "UIInterfaceOrientationPortrait UIInterfaceOrientationLandscapeLeft UIInterfaceOrientationLandscapeRight";
				IPHONEOS_DEPLOYMENT_TARGET = 13.0;
				LD_RUNPATH_SEARCH_PATHS = (
					"$(inherited)",
					"@executable_path/Frameworks",
				);
				MARKETING_VERSION = 1.0;
				PRODUCT_BUNDLE_IDENTIFIER = com.abhay.ios.HelathTittleListTask;
				PRODUCT_NAME = "$(TARGET_NAME)";
				SWIFT_EMIT_LOC_STRINGS = YES;
				SWIFT_VERSION = 5.0;
				TARGETED_DEVICE_FAMILY = "1,2";
			};
			name = Debug;
		};
		C7F74EEE2B07AD76008267A9 /* Release */ = {
			isa = XCBuildConfiguration;
			baseConfigurationReference = D8C160E06DD15EFDC1465907 /* Pods-HelathTittleListTask.release.xcconfig */;
			buildSettings = {
				ASSETCATALOG_COMPILER_APPICON_NAME = AppIcon;
				ASSETCATALOG_COMPILER_GLOBAL_ACCENT_COLOR_NAME = AccentColor;
				CODE_SIGN_STYLE = Automatic;
				CURRENT_PROJECT_VERSION = 1;
				GENERATE_INFOPLIST_FILE = YES;
				INFOPLIST_FILE = HelathTittleListTask/Info.plist;
				INFOPLIST_KEY_UIApplicationSupportsIndirectInputEvents = YES;
				INFOPLIST_KEY_UILaunchStoryboardName = LaunchScreen;
				INFOPLIST_KEY_UIMainStoryboardFile = "";
				INFOPLIST_KEY_UISupportedInterfaceOrientations_iPad = "UIInterfaceOrientationPortrait UIInterfaceOrientationPortraitUpsideDown UIInterfaceOrientationLandscapeLeft UIInterfaceOrientationLandscapeRight";
				INFOPLIST_KEY_UISupportedInterfaceOrientations_iPhone = "UIInterfaceOrientationPortrait UIInterfaceOrientationLandscapeLeft UIInterfaceOrientationLandscapeRight";
				IPHONEOS_DEPLOYMENT_TARGET = 13.0;
				LD_RUNPATH_SEARCH_PATHS = (
					"$(inherited)",
					"@executable_path/Frameworks",
				);
				MARKETING_VERSION = 1.0;
				PRODUCT_BUNDLE_IDENTIFIER = com.abhay.ios.HelathTittleListTask;
				PRODUCT_NAME = "$(TARGET_NAME)";
				SWIFT_EMIT_LOC_STRINGS = YES;
				SWIFT_VERSION = 5.0;
				TARGETED_DEVICE_FAMILY = "1,2";
			};
			name = Release;
		};
/* End XCBuildConfiguration section */

/* Begin XCConfigurationList section */
		C7F74ED02B07AD74008267A9 /* Build configuration list for PBXProject "HelathTittleListTask" */ = {
			isa = XCConfigurationList;
			buildConfigurations = (
				C7F74EEA2B07AD76008267A9 /* Debug */,
				C7F74EEB2B07AD76008267A9 /* Release */,
			);
			defaultConfigurationIsVisible = 0;
			defaultConfigurationName = Release;
		};
		C7F74EEC2B07AD76008267A9 /* Build configuration list for PBXNativeTarget "HelathTittleListTask" */ = {
			isa = XCConfigurationList;
			buildConfigurations = (
				C7F74EED2B07AD76008267A9 /* Debug */,
				C7F74EEE2B07AD76008267A9 /* Release */,
			);
			defaultConfigurationIsVisible = 0;
			defaultConfigurationName = Release;
		};
/* End XCConfigurationList section */

/* Begin XCVersionGroup section */
		C7F74EE12B07AD74008267A9 /* HelathTittleListTask.xcdatamodeld */ = {
			isa = XCVersionGroup;
			children = (
				C7F74EE22B07AD74008267A9 /* HelathTittleListTask.xcdatamodel */,
			);
			currentVersion = C7F74EE22B07AD74008267A9 /* HelathTittleListTask.xcdatamodel */;
			path = HelathTittleListTask.xcdatamodeld;
			sourceTree = "<group>";
			versionGroupType = wrapper.xcdatamodel;
		};
/* End XCVersionGroup section */
	};
	rootObject = C7F74ECD2B07AD74008267A9 /* Project object */;
}
